
Microsoft Visual Studio Solution File, Format Version 12.00
# Visual Studio Version 17
VisualStudioVersion = 17.4.33213.308
MinimumVisualStudioVersion = 10.0.40219.1
Project("{FAE04EC0-301F-11D3-BF4B-00C04F79EFBC}") = "CharlesGrace_GUI_HW8", "CharlesGrace_GUI_HW8\CharlesGrace_GUI_HW8.csproj", "{191C8019-7523-4853-A295-7AC59E0659F0}"
EndProject
Global
	GlobalSection(SolutionConfigurationPlatforms) = preSolution
		Debug|Any CPU = Debug|Any CPU
		Release|Any CPU = Release|Any CPU
	EndGlobalSection
	GlobalSection(ProjectConfigurationPlatforms) = postSolution
		{191C8019-7523-4853-A295-7AC59E0659F0}.Debug|Any CPU.ActiveCfg = Debug|Any CPU
		{191C8019-7523-4853-A295-7AC59E0659F0}.Debug|Any CPU.Build.0 = Debug|Any CPU
		{191C8019-7523-4853-A295-7AC59E0659F0}.Release|Any CPU.ActiveCfg = Release|Any CPU
		{191C8019-7523-4853-A295-7AC59E0659F0}.Release|Any CPU.Build.0 = Release|Any CPU
	EndGlobalSection
	GlobalSection(SolutionProperties) = preSolution
		HideSolutionNode = FALSE
	EndGlobalSection
	GlobalSection(ExtensibilityGlobals) = postSolution
		SolutionGuid = {78E4FE69-0761-4C30-B2F6-012D235288AE}
	EndGlobalSection
EndGlobal
